
Microsoft Visual Studio Solution File, Format Version 12.00
# Visual Studio Version 17
VisualStudioVersion = 17.5.002.0
MinimumVisualStudioVersion = 10.0.40219.1
Project("{2150E333-8FDC-42A3-9474-1A3956D46DE8}") = "Lesson1", "Lesson1", "{04A7A442-C273-40ED-B91A-2D1D62FDD9B1}"
EndProject
Project("{9A19103F-16F7-4668-BE54-9A1E7A4F7556}") = "Task1", "Lesson1\Task1\Task1.csproj", "{F302F3E2-0E34-450D-9ADF-51F624C26747}"
EndProject
Project("{9A19103F-16F7-4668-BE54-9A1E7A4F7556}") = "Task2", "Lesson1\Task2\Task2.csproj", "{6B8AACB6-97F7-4BF0-B398-7F04963533F5}"
EndProject
Global
	GlobalSection(SolutionConfigurationPlatforms) = preSolution
		Debug|Any CPU = Debug|Any CPU
		Release|Any CPU = Release|Any CPU
	EndGlobalSection
	GlobalSection(ProjectConfigurationPlatforms) = postSolution
		{F302F3E2-0E34-450D-9ADF-51F624C26747}.Debug|Any CPU.ActiveCfg = Debug|Any CPU
		{F302F3E2-0E34-450D-9ADF-51F624C26747}.Debug|Any CPU.Build.0 = Debug|Any CPU
		{F302F3E2-0E34-450D-9ADF-51F624C26747}.Release|Any CPU.ActiveCfg = Release|Any CPU
		{F302F3E2-0E34-450D-9ADF-51F624C26747}.Release|Any CPU.Build.0 = Release|Any CPU
		{6B8AACB6-97F7-4BF0-B398-7F04963533F5}.Debug|Any CPU.ActiveCfg = Debug|Any CPU
		{6B8AACB6-97F7-4BF0-B398-7F04963533F5}.Debug|Any CPU.Build.0 = Debug|Any CPU
		{6B8AACB6-97F7-4BF0-B398-7F04963533F5}.Release|Any CPU.ActiveCfg = Release|Any CPU
		{6B8AACB6-97F7-4BF0-B398-7F04963533F5}.Release|Any CPU.Build.0 = Release|Any CPU
	EndGlobalSection
	GlobalSection(SolutionProperties) = preSolution
		HideSolutionNode = FALSE
	EndGlobalSection
	GlobalSection(NestedProjects) = preSolution
		{F302F3E2-0E34-450D-9ADF-51F624C26747} = {04A7A442-C273-40ED-B91A-2D1D62FDD9B1}
		{6B8AACB6-97F7-4BF0-B398-7F04963533F5} = {04A7A442-C273-40ED-B91A-2D1D62FDD9B1}
	EndGlobalSection
	GlobalSection(ExtensibilityGlobals) = postSolution
		SolutionGuid = {A41017C4-1F30-4962-AAEE-855E7B1FE8EA}
	EndGlobalSection
EndGlobal
